
Microsoft Visual Studio Solution File, Format Version 12.00
# Visual Studio Express 2012 for Windows Desktop
Project("{FAE04EC0-301F-11D3-BF4B-00C04F79EFBC}") = "GettingNumbersFromTextBoxes", "GettingNumbersFromTextBoxes\GettingNumbersFromTextBoxes.csproj", "{025F237D-45C3-45F7-B7A7-0A9D2085854B}"
EndProject
Global
	GlobalSection(SolutionConfigurationPlatforms) = preSolution
		Debug|Any CPU = Debug|Any CPU
		Release|Any CPU = Release|Any CPU
	EndGlobalSection
	GlobalSection(ProjectConfigurationPlatforms) = postSolution
		{025F237D-45C3-45F7-B7A7-0A9D2085854B}.Debug|Any CPU.ActiveCfg = Debug|Any CPU
		{025F237D-45C3-45F7-B7A7-0A9D2085854B}.Debug|Any CPU.Build.0 = Debug|Any CPU
		{025F237D-45C3-45F7-B7A7-0A9D2085854B}.Release|Any CPU.ActiveCfg = Release|Any CPU
		{025F237D-45C3-45F7-B7A7-0A9D2085854B}.Release|Any CPU.Build.0 = Release|Any CPU
	EndGlobalSection
	GlobalSection(SolutionProperties) = preSolution
		HideSolutionNode = FALSE
	EndGlobalSection
EndGlobal
